# DO NOT EDIT MANUALLY - Managed by Fern Replay
version: "1.0"
generations:
  - commit_sha: 15a726d62e8fe792e6ef72ffe6ecdc4375d0e6c4
    tree_hash: 628b62a9f7cbb0b776ad23016aaaeb08f912cba5
    timestamp: 2026-08-27T19:00:30.678Z
    cli_version: unknown
    generator_versions: {}
current_generation: 15a726d62e8fe792e6ef72ffe6ecdc4375d0e6c4
patches: []
